
Microsoft Visual Studio Solution File, Format Version 12.00
# Visual Studio Version 16
VisualStudioVersion = 16.0.31005.135
MinimumVisualStudioVersion = 10.0.40219.1
Project("{FAE04EC0-301F-11D3-BF4B-00C04F79EFBC}") = "MAVRS", "MAVRS.csproj", "{2C6F213B-2DE7-4B85-80D4-13395B748AFF}"
EndProject
Global
	GlobalSection(SolutionConfigurationPlatforms) = preSolution
		Debug|Any CPU = Debug|Any CPU
		Release|Any CPU = Release|Any CPU
	EndGlobalSection
	GlobalSection(ProjectConfigurationPlatforms) = postSolution
		{2C6F213B-2DE7-4B85-80D4-13395B748AFF}.Debug|Any CPU.ActiveCfg = Debug|Any CPU
		{2C6F213B-2DE7-4B85-80D4-13395B748AFF}.Debug|Any CPU.Build.0 = Debug|Any CPU
		{2C6F213B-2DE7-4B85-80D4-13395B748AFF}.Release|Any CPU.ActiveCfg = Release|Any CPU
		{2C6F213B-2DE7-4B85-80D4-13395B748AFF}.Release|Any CPU.Build.0 = Release|Any CPU
	EndGlobalSection
	GlobalSection(SolutionProperties) = preSolution
		HideSolutionNode = FALSE
	EndGlobalSection
	GlobalSection(ExtensibilityGlobals) = postSolution
		SolutionGuid = {1140F6B1-97A0-465B-B07E-0657826FC387}
	EndGlobalSection
EndGlobal
